<?xml version="1.0" encoding="utf-8"?>
<Project ToolsVersion="4.0" xmlns="http://schemas.microsoft.com/developer/msbuild/2003">
  <ItemGroup>
    <Filter Include="Source Files">
      <UniqueIdentifier>{4FC737F1-C7A5-4376-A066-2A32D752A2FF}</UniqueIdentifier>
      <Extensions>cpp;c;cc;cxx;c++;cppm;ixx;def;odl;idl;hpj;bat;asm;asmx</Extensions>
    </Filter>
    <Filter Include="Header Files">
      <UniqueIdentifier>{93995380-89BD-4b04-88EB-625FBE52EBFB}</UniqueIdentifier>
      <Extensions>h;hh;hpp;hxx;h++;hm;inl;inc;ipp;xsd</Extensions>
    </Filter>
    <Filter Include="Resource Files">
      <UniqueIdentifier>{67DA6AB6-F800-4c08-8B7A-83BB121AAD01}</UniqueIdentifier>
      <Extensions>rc;ico;cur;bmp;dlg;rc2;rct;bin;rgs;gif;jpg;jpeg;jpe;resx;tiff;tif;png;wav;mfcribbon-ms</Extensions>
    </Filter>
    <Filter Include="Resource Files\Shaders">
      <UniqueIdentifier>{53f46036-31e5-4a9c-8eff-9ef9e4d45d5a}</UniqueIdentifier>
    </Filter>
  </ItemGroup>
  <ItemGroup>
    <ClCompile Include="glad.c">
      <Filter>Source Files</Filter>
    </ClCompile>
    <ClCompile Include="P6\particle.cpp">
      <Filter>Source Files</Filter>
    </ClCompile>
    <ClCompile Include="dragForceGenerator.cpp">
      <Filter>Source Files</Filter>
    </ClCompile>
    <ClCompile Include="forceGenerator.cpp">
      <Filter>Source Files</Filter>
    </ClCompile>
    <ClCompile Include="forceRegistry.cpp">
      <Filter>Source Files</Filter>
    </ClCompile>
    <ClCompile Include="gravityForceGenerator.cpp">
      <Filter>Source Files</Filter>
    </ClCompile>
    <ClCompile Include="model.cpp">
      <Filter>Source Files</Filter>
    </ClCompile>
    <ClCompile Include="physicsWorld.cpp">
      <Filter>Source Files</Filter>
    </ClCompile>
    <ClCompile Include="shader.cpp">
      <Filter>Source Files</Filter>
    </ClCompile>
    <ClCompile Include="P6\anchoredSpring.cpp">
      <Filter>Source Files</Filter>
    </ClCompile>
    <ClCompile Include="P6\particleSpring.cpp">
      <Filter>Source Files</Filter>
    </ClCompile>
    <ClCompile Include="P6\particleContact.cpp">
      <Filter>Source Files</Filter>
    </ClCompile>
    <ClCompile Include="P6\particleLink.cpp">
      <Filter>Source Files</Filter>
    </ClCompile>
    <ClCompile Include="P6\rod.cpp">
      <Filter>Source Files</Filter>
    </ClCompile>
    <ClCompile Include="P6\contactResolver.cpp">
      <Filter>Source Files</Filter>
    </ClCompile>
    <ClCompile Include="P6\chain.cpp">
      <Filter>Source Files</Filter>
    </ClCompile>
    <ClCompile Include="mainSpring.cpp">
      <Filter>Source Files</Filter>
    </ClCompile>
  </ItemGroup>
  <ItemGroup>
    <ClInclude Include="tiny_obj_loader.h">
      <Filter>Header Files</Filter>
    </ClInclude>
    <ClInclude Include="renderParticle.h">
      <Filter>Header Files</Filter>
    </ClInclude>
    <ClInclude Include="P6\particle.h">
      <Filter>Header Files</Filter>
    </ClInclude>
    <ClInclude Include="dragForceGenerator.h">
      <Filter>Header Files</Filter>
    </ClInclude>
    <ClInclude Include="forceGenerator.h">
      <Filter>Header Files</Filter>
    </ClInclude>
    <ClInclude Include="forceRegistry.h">
      <Filter>Header Files</Filter>
    </ClInclude>
    <ClInclude Include="gravityForceGenerator.h">
      <Filter>Header Files</Filter>
    </ClInclude>
    <ClInclude Include="model.h">
      <Filter>Header Files</Filter>
    </ClInclude>
    <ClInclude Include="physicsWorld.h">
      <Filter>Header Files</Filter>
    </ClInclude>
    <ClInclude Include="shader.h">
      <Filter>Header Files</Filter>
    </ClInclude>
    <ClInclude Include="P6\anchoredSpring.h">
      <Filter>Header Files</Filter>
    </ClInclude>
    <ClInclude Include="P6\particleSpring.h">
      <Filter>Header Files</Filter>
    </ClInclude>
    <ClInclude Include="P6\particleContact.h">
      <Filter>Header Files</Filter>
    </ClInclude>
    <ClInclude Include="P6\particleLink.h">
      <Filter>Header Files</Filter>
    </ClInclude>
    <ClInclude Include="P6\rod.h">
      <Filter>Header Files</Filter>
    </ClInclude>
    <ClInclude Include="P6\contactResolver.h">
      <Filter>Header Files</Filter>
    </ClInclude>
    <ClInclude Include="P6\chain.h">
      <Filter>Header Files</Filter>
    </ClInclude>
  </ItemGroup>
  <ItemGroup>
    <None Include="Shaders\sphere.frag">
      <Filter>Resource Files\Shaders</Filter>
    </None>
    <None Include="Shaders\sphere.vert">
      <Filter>Resource Files\Shaders</Filter>
    </None>
  </ItemGroup>
</Project>